
Microsoft Visual Studio Solution File, Format Version 12.00
# Visual Studio 2013
VisualStudioVersion = 12.0.21005.1
MinimumVisualStudioVersion = 10.0.40219.1
Project("{FAE04EC0-301F-11D3-BF4B-00C04F79EFBC}") = "Cardinal.Rules.Core", "Cardinal.Rules.Core\Cardinal.Rules.Core.csproj", "{BFE4D5E1-78D5-4474-851C-D85134D3639C}"
EndProject
Project("{FAE04EC0-301F-11D3-BF4B-00C04F79EFBC}") = "Cardinal.Rules.Lucinq", "Cardinal.Rules.Lucinq\Cardinal.Rules.Lucinq.csproj", "{BA5EEFE0-F051-4F9E-94B7-44DCC1BD025E}"
EndProject
Global
	GlobalSection(SolutionConfigurationPlatforms) = preSolution
		Debug|Any CPU = Debug|Any CPU
		Release|Any CPU = Release|Any CPU
	EndGlobalSection
	GlobalSection(ProjectConfigurationPlatforms) = postSolution
		{BFE4D5E1-78D5-4474-851C-D85134D3639C}.Debug|Any CPU.ActiveCfg = Debug|Any CPU
		{BFE4D5E1-78D5-4474-851C-D85134D3639C}.Debug|Any CPU.Build.0 = Debug|Any CPU
		{BFE4D5E1-78D5-4474-851C-D85134D3639C}.Release|Any CPU.ActiveCfg = Release|Any CPU
		{BFE4D5E1-78D5-4474-851C-D85134D3639C}.Release|Any CPU.Build.0 = Release|Any CPU
		{BA5EEFE0-F051-4F9E-94B7-44DCC1BD025E}.Debug|Any CPU.ActiveCfg = Debug|Any CPU
		{BA5EEFE0-F051-4F9E-94B7-44DCC1BD025E}.Debug|Any CPU.Build.0 = Debug|Any CPU
		{BA5EEFE0-F051-4F9E-94B7-44DCC1BD025E}.Release|Any CPU.ActiveCfg = Release|Any CPU
		{BA5EEFE0-F051-4F9E-94B7-44DCC1BD025E}.Release|Any CPU.Build.0 = Release|Any CPU
	EndGlobalSection
	GlobalSection(SolutionProperties) = preSolution
		HideSolutionNode = FALSE
	EndGlobalSection
EndGlobal
